
Microsoft Visual Studio Solution File, Format Version 12.00
# Visual Studio Version 16
VisualStudioVersion = 16.0.31321.278
MinimumVisualStudioVersion = 10.0.40219.1
Project("{FAE04EC0-301F-11D3-BF4B-00C04F79EFBC}") = "WpfApp2", "WpfApp2.csproj", "{A104879D-A5E1-4076-A78A-455A73020440}"
EndProject
Global
	GlobalSection(SolutionConfigurationPlatforms) = preSolution
		Debug|Any CPU = Debug|Any CPU
		Release|Any CPU = Release|Any CPU
	EndGlobalSection
	GlobalSection(ProjectConfigurationPlatforms) = postSolution
		{A104879D-A5E1-4076-A78A-455A73020440}.Debug|Any CPU.ActiveCfg = Debug|Any CPU
		{A104879D-A5E1-4076-A78A-455A73020440}.Debug|Any CPU.Build.0 = Debug|Any CPU
		{A104879D-A5E1-4076-A78A-455A73020440}.Release|Any CPU.ActiveCfg = Release|Any CPU
		{A104879D-A5E1-4076-A78A-455A73020440}.Release|Any CPU.Build.0 = Release|Any CPU
	EndGlobalSection
	GlobalSection(SolutionProperties) = preSolution
		HideSolutionNode = FALSE
	EndGlobalSection
	GlobalSection(ExtensibilityGlobals) = postSolution
		SolutionGuid = {1C24E3CF-12E7-4C3A-AF44-4CA2F54CC390}
	EndGlobalSection
EndGlobal
