
Microsoft Visual Studio Solution File, Format Version 12.00
# Visual Studio Version 16
VisualStudioVersion = 16.0.31321.278
MinimumVisualStudioVersion = 10.0.40219.1
Project("{FAE04EC0-301F-11D3-BF4B-00C04F79EFBC}") = "myFirstAppWPF", "myFirstAppWPF.csproj", "{10924D48-0706-4990-B690-54FD384F0563}"
EndProject
Global
	GlobalSection(SolutionConfigurationPlatforms) = preSolution
		Debug|Any CPU = Debug|Any CPU
		Release|Any CPU = Release|Any CPU
	EndGlobalSection
	GlobalSection(ProjectConfigurationPlatforms) = postSolution
		{10924D48-0706-4990-B690-54FD384F0563}.Debug|Any CPU.ActiveCfg = Debug|Any CPU
		{10924D48-0706-4990-B690-54FD384F0563}.Debug|Any CPU.Build.0 = Debug|Any CPU
		{10924D48-0706-4990-B690-54FD384F0563}.Release|Any CPU.ActiveCfg = Release|Any CPU
		{10924D48-0706-4990-B690-54FD384F0563}.Release|Any CPU.Build.0 = Release|Any CPU
	EndGlobalSection
	GlobalSection(SolutionProperties) = preSolution
		HideSolutionNode = FALSE
	EndGlobalSection
	GlobalSection(ExtensibilityGlobals) = postSolution
		SolutionGuid = {119A6A9B-59D5-4BA1-889A-32BC0DC74E19}
	EndGlobalSection
EndGlobal
