
Microsoft Visual Studio Solution File, Format Version 12.00
# Visual Studio Version 16
VisualStudioVersion = 16.0.31321.278
MinimumVisualStudioVersion = 10.0.40219.1
Project("{FAE04EC0-301F-11D3-BF4B-00C04F79EFBC}") = "LinkBD", "LinkBD.csproj", "{1355D808-76DB-4C79-B148-8709304A27C5}"
EndProject
Global
	GlobalSection(SolutionConfigurationPlatforms) = preSolution
		Debug|Any CPU = Debug|Any CPU
		Release|Any CPU = Release|Any CPU
	EndGlobalSection
	GlobalSection(ProjectConfigurationPlatforms) = postSolution
		{1355D808-76DB-4C79-B148-8709304A27C5}.Debug|Any CPU.ActiveCfg = Debug|Any CPU
		{1355D808-76DB-4C79-B148-8709304A27C5}.Debug|Any CPU.Build.0 = Debug|Any CPU
		{1355D808-76DB-4C79-B148-8709304A27C5}.Release|Any CPU.ActiveCfg = Release|Any CPU
		{1355D808-76DB-4C79-B148-8709304A27C5}.Release|Any CPU.Build.0 = Release|Any CPU
	EndGlobalSection
	GlobalSection(SolutionProperties) = preSolution
		HideSolutionNode = FALSE
	EndGlobalSection
	GlobalSection(ExtensibilityGlobals) = postSolution
		SolutionGuid = {63D169BA-819E-475D-8C2A-8D8510CBFDA4}
	EndGlobalSection
EndGlobal
